
Microsoft Visual Studio Solution File, Format Version 12.00
# Visual Studio Version 17
VisualStudioVersion = 17.4.33213.308
MinimumVisualStudioVersion = 10.0.40219.1
Project("{FAE04EC0-301F-11D3-BF4B-00C04F79EFBC}") = "CIPlatform", "CIPlatform\CIPlatform.csproj", "{93FECFA4-9585-4BB8-A98D-12A25BE5F840}"
EndProject
Global
	GlobalSection(SolutionConfigurationPlatforms) = preSolution
		Debug|Any CPU = Debug|Any CPU
		Release|Any CPU = Release|Any CPU
	EndGlobalSection
	GlobalSection(ProjectConfigurationPlatforms) = postSolution
		{93FECFA4-9585-4BB8-A98D-12A25BE5F840}.Debug|Any CPU.ActiveCfg = Debug|Any CPU
		{93FECFA4-9585-4BB8-A98D-12A25BE5F840}.Debug|Any CPU.Build.0 = Debug|Any CPU
		{93FECFA4-9585-4BB8-A98D-12A25BE5F840}.Release|Any CPU.ActiveCfg = Release|Any CPU
		{93FECFA4-9585-4BB8-A98D-12A25BE5F840}.Release|Any CPU.Build.0 = Release|Any CPU
	EndGlobalSection
	GlobalSection(SolutionProperties) = preSolution
		HideSolutionNode = FALSE
	EndGlobalSection
	GlobalSection(ExtensibilityGlobals) = postSolution
		SolutionGuid = {7586CFBF-957D-4121-89F4-EE50E27DC45A}
	EndGlobalSection
EndGlobal
